
Microsoft Visual Studio Solution File, Format Version 12.00
# Visual Studio Version 16
VisualStudioVersion = 16.0.29519.87
MinimumVisualStudioVersion = 10.0.40219.1
Project("{9A19103F-16F7-4668-BE54-9A1E7A4F7556}") = "Books tools", "Books tools.csproj", "{47962D8F-398A-47DC-9051-DB0756670037}"
EndProject
Global
	GlobalSection(SolutionConfigurationPlatforms) = preSolution
		Debug|Any CPU = Debug|Any CPU
		Release|Any CPU = Release|Any CPU
	EndGlobalSection
	GlobalSection(ProjectConfigurationPlatforms) = postSolution
		{47962D8F-398A-47DC-9051-DB0756670037}.Debug|Any CPU.ActiveCfg = Debug|Any CPU
		{47962D8F-398A-47DC-9051-DB0756670037}.Debug|Any CPU.Build.0 = Debug|Any CPU
		{47962D8F-398A-47DC-9051-DB0756670037}.Release|Any CPU.ActiveCfg = Release|Any CPU
		{47962D8F-398A-47DC-9051-DB0756670037}.Release|Any CPU.Build.0 = Release|Any CPU
	EndGlobalSection
	GlobalSection(SolutionProperties) = preSolution
		HideSolutionNode = FALSE
	EndGlobalSection
	GlobalSection(ExtensibilityGlobals) = postSolution
		SolutionGuid = {4800E13E-2014-4947-889C-7F23C20DED66}
	EndGlobalSection
EndGlobal
